
Microsoft Visual Studio Solution File, Format Version 12.00
# Visual Studio Version 17
VisualStudioVersion = 17.13.35825.156 d17.13
MinimumVisualStudioVersion = 10.0.40219.1
Project("{FAE04EC0-301F-11D3-BF4B-00C04F79EFBC}") = "Entities", "Entities\Entities.csproj", "{F72D4576-DC3F-4DC2-B64D-16669A8C6188}"
EndProject
Project("{FAE04EC0-301F-11D3-BF4B-00C04F79EFBC}") = "DAL", "DAL\DAL.csproj", "{0B5C57F5-984A-44FE-8B84-795577419359}"
EndProject
Project("{FAE04EC0-301F-11D3-BF4B-00C04F79EFBC}") = "BackEnd", "BackEnd\BackEnd.csproj", "{8381E372-DB6F-4A61-A0F7-E374F42CF7B5}"
EndProject
Project("{FAE04EC0-301F-11D3-BF4B-00C04F79EFBC}") = "FronEnd", "FronEnd\FronEnd.csproj", "{D3ED7EE1-0F1E-47B4-9CC2-259B452332F5}"
EndProject
Global
	GlobalSection(SolutionConfigurationPlatforms) = preSolution
		Debug|Any CPU = Debug|Any CPU
		Release|Any CPU = Release|Any CPU
	EndGlobalSection
	GlobalSection(ProjectConfigurationPlatforms) = postSolution
		{F72D4576-DC3F-4DC2-B64D-16669A8C6188}.Debug|Any CPU.ActiveCfg = Debug|Any CPU
		{F72D4576-DC3F-4DC2-B64D-16669A8C6188}.Debug|Any CPU.Build.0 = Debug|Any CPU
		{F72D4576-DC3F-4DC2-B64D-16669A8C6188}.Release|Any CPU.ActiveCfg = Release|Any CPU
		{F72D4576-DC3F-4DC2-B64D-16669A8C6188}.Release|Any CPU.Build.0 = Release|Any CPU
		{0B5C57F5-984A-44FE-8B84-795577419359}.Debug|Any CPU.ActiveCfg = Debug|Any CPU
		{0B5C57F5-984A-44FE-8B84-795577419359}.Debug|Any CPU.Build.0 = Debug|Any CPU
		{0B5C57F5-984A-44FE-8B84-795577419359}.Release|Any CPU.ActiveCfg = Release|Any CPU
		{0B5C57F5-984A-44FE-8B84-795577419359}.Release|Any CPU.Build.0 = Release|Any CPU
		{8381E372-DB6F-4A61-A0F7-E374F42CF7B5}.Debug|Any CPU.ActiveCfg = Debug|Any CPU
		{8381E372-DB6F-4A61-A0F7-E374F42CF7B5}.Debug|Any CPU.Build.0 = Debug|Any CPU
		{8381E372-DB6F-4A61-A0F7-E374F42CF7B5}.Release|Any CPU.ActiveCfg = Release|Any CPU
		{8381E372-DB6F-4A61-A0F7-E374F42CF7B5}.Release|Any CPU.Build.0 = Release|Any CPU
		{D3ED7EE1-0F1E-47B4-9CC2-259B452332F5}.Debug|Any CPU.ActiveCfg = Debug|Any CPU
		{D3ED7EE1-0F1E-47B4-9CC2-259B452332F5}.Debug|Any CPU.Build.0 = Debug|Any CPU
		{D3ED7EE1-0F1E-47B4-9CC2-259B452332F5}.Release|Any CPU.ActiveCfg = Release|Any CPU
		{D3ED7EE1-0F1E-47B4-9CC2-259B452332F5}.Release|Any CPU.Build.0 = Release|Any CPU
	EndGlobalSection
	GlobalSection(SolutionProperties) = preSolution
		HideSolutionNode = FALSE
	EndGlobalSection
	GlobalSection(ExtensibilityGlobals) = postSolution
		SolutionGuid = {E4A50657-3713-4783-89C3-4F19CB88C2A7}
	EndGlobalSection
EndGlobal
